
Microsoft Visual Studio Solution File, Format Version 12.00
# Visual Studio Version 17
VisualStudioVersion = 17.14.36518.9 d17.14
MinimumVisualStudioVersion = 10.0.40219.1
Project("{FAE04EC0-301F-11D3-BF4B-00C04F79EFBC}") = "Bev.Instruments.Thorlabs.PM", "Bev.Instruments.Thorlabs.PM\Bev.Instruments.Thorlabs.PM.csproj", "{C58D58FC-DFD9-40DF-BF2B-CEDE2AB75785}"
EndProject
Project("{FAE04EC0-301F-11D3-BF4B-00C04F79EFBC}") = "Example", "Example\Example.csproj", "{CEEBF3F7-DB99-4A55-82E1-C868785B2C01}"
EndProject
Project("{FAE04EC0-301F-11D3-BF4B-00C04F79EFBC}") = "SetAdapter", "SetAdapter\SetAdapter.csproj", "{573DFB81-8A37-4356-A208-D25D14AE6369}"
EndProject
Project("{FAE04EC0-301F-11D3-BF4B-00C04F79EFBC}") = "PmDeviceScope", "PmDeviceScope\PmDeviceScope.csproj", "{F476D622-7DE5-4E98-A090-3E8322CBD8B0}"
EndProject
Global
	GlobalSection(SolutionConfigurationPlatforms) = preSolution
		Debug|Any CPU = Debug|Any CPU
		Release|Any CPU = Release|Any CPU
	EndGlobalSection
	GlobalSection(ProjectConfigurationPlatforms) = postSolution
		{C58D58FC-DFD9-40DF-BF2B-CEDE2AB75785}.Debug|Any CPU.ActiveCfg = Debug|Any CPU
		{C58D58FC-DFD9-40DF-BF2B-CEDE2AB75785}.Debug|Any CPU.Build.0 = Debug|Any CPU
		{C58D58FC-DFD9-40DF-BF2B-CEDE2AB75785}.Release|Any CPU.ActiveCfg = Release|Any CPU
		{C58D58FC-DFD9-40DF-BF2B-CEDE2AB75785}.Release|Any CPU.Build.0 = Release|Any CPU
		{CEEBF3F7-DB99-4A55-82E1-C868785B2C01}.Debug|Any CPU.ActiveCfg = Debug|Any CPU
		{CEEBF3F7-DB99-4A55-82E1-C868785B2C01}.Debug|Any CPU.Build.0 = Debug|Any CPU
		{CEEBF3F7-DB99-4A55-82E1-C868785B2C01}.Release|Any CPU.ActiveCfg = Release|Any CPU
		{CEEBF3F7-DB99-4A55-82E1-C868785B2C01}.Release|Any CPU.Build.0 = Release|Any CPU
		{573DFB81-8A37-4356-A208-D25D14AE6369}.Debug|Any CPU.ActiveCfg = Debug|Any CPU
		{573DFB81-8A37-4356-A208-D25D14AE6369}.Debug|Any CPU.Build.0 = Debug|Any CPU
		{573DFB81-8A37-4356-A208-D25D14AE6369}.Release|Any CPU.ActiveCfg = Release|Any CPU
		{573DFB81-8A37-4356-A208-D25D14AE6369}.Release|Any CPU.Build.0 = Release|Any CPU
		{F476D622-7DE5-4E98-A090-3E8322CBD8B0}.Debug|Any CPU.ActiveCfg = Debug|Any CPU
		{F476D622-7DE5-4E98-A090-3E8322CBD8B0}.Debug|Any CPU.Build.0 = Debug|Any CPU
		{F476D622-7DE5-4E98-A090-3E8322CBD8B0}.Release|Any CPU.ActiveCfg = Release|Any CPU
		{F476D622-7DE5-4E98-A090-3E8322CBD8B0}.Release|Any CPU.Build.0 = Release|Any CPU
	EndGlobalSection
	GlobalSection(SolutionProperties) = preSolution
		HideSolutionNode = FALSE
	EndGlobalSection
	GlobalSection(ExtensibilityGlobals) = postSolution
		SolutionGuid = {DA7FEC52-FB38-46B3-A50A-81062D3BAADF}
	EndGlobalSection
EndGlobal
